
Microsoft Visual Studio Solution File, Format Version 12.00
# Visual Studio Version 17
VisualStudioVersion = 17.4.33103.184
MinimumVisualStudioVersion = 10.0.40219.1
Project("{54A90642-561A-4BB1-A94E-469ADEE60C69}") = "retroplay", "retroPlay\retroplay.esproj", "{0AEB28AC-E3F0-496A-94FF-C0D81D9619A1}"
EndProject
Global
	GlobalSection(SolutionConfigurationPlatforms) = preSolution
		Debug|Any CPU = Debug|Any CPU
		Release|Any CPU = Release|Any CPU
	EndGlobalSection
	GlobalSection(ProjectConfigurationPlatforms) = postSolution
		{0AEB28AC-E3F0-496A-94FF-C0D81D9619A1}.Debug|Any CPU.ActiveCfg = Debug|Any CPU
		{0AEB28AC-E3F0-496A-94FF-C0D81D9619A1}.Debug|Any CPU.Build.0 = Debug|Any CPU
		{0AEB28AC-E3F0-496A-94FF-C0D81D9619A1}.Debug|Any CPU.Deploy.0 = Debug|Any CPU
		{0AEB28AC-E3F0-496A-94FF-C0D81D9619A1}.Release|Any CPU.ActiveCfg = Release|Any CPU
		{0AEB28AC-E3F0-496A-94FF-C0D81D9619A1}.Release|Any CPU.Build.0 = Release|Any CPU
		{0AEB28AC-E3F0-496A-94FF-C0D81D9619A1}.Release|Any CPU.Deploy.0 = Release|Any CPU
	EndGlobalSection
	GlobalSection(SolutionProperties) = preSolution
		HideSolutionNode = FALSE
	EndGlobalSection
	GlobalSection(ExtensibilityGlobals) = postSolution
		SolutionGuid = {636D6744-9079-4229-B284-BDD4D39C9D4E}
	EndGlobalSection
EndGlobal
